{
  "name": "p5-framework",
  "lockfileVersion": 3,
  "requires": true,
  "packages": {
    "": {
      "dependencies": {
        "pretty-grid": "^0.0.16"
      }
    },
    "node_modules/pretty-grid": {
      "version": "0.0.16",
      "resolved": "https://registry.npmjs.org/pretty-grid/-/pretty-grid-0.0.16.tgz",
      "integrity": "sha512-e5ZwTBFoomJ5B8JW2Hp18bwSP04us169s4sQvXD88Jf3eQos8JEht98rmUUd5zjS9YZtpCJr/w0jfJbuFYxfyA==",
      "license": "MIT"
    }
  }
}
